// !$*UTF8*$!
{
	archiveVersion = 1;
	classes = {
	};
	objectVersion = 55;
	objects = {

/* Begin PBXBuildFile section */
		1D6DAA3B2899719700ADA7A3 /* HEBProtoApp.swift in Sources */ = {isa = PBXBuildFile; fileRef = 1D6DAA3A2899719700ADA7A3 /* HEBProtoApp.swift */; };
		1D6DAA3F2899719A00ADA7A3 /* Assets.xcassets in Resources */ = {isa = PBXBuildFile; fileRef = 1D6DAA3E2899719A00ADA7A3 /* Assets.xcassets */; };
		1D6DAA422899719A00ADA7A3 /* Preview Assets.xcassets in Resources */ = {isa = PBXBuildFile; fileRef = 1D6DAA412899719A00ADA7A3 /* Preview Assets.xcassets */; };
		1D6DAA4A2899788600ADA7A3 /* Launch Screen.storyboard in Resources */ = {isa = PBXBuildFile; fileRef = 1D6DAA492899788600ADA7A3 /* Launch Screen.storyboard */; };
		1D6DAA51289980DD00ADA7A3 /* MainView.swift in Sources */ = {isa = PBXBuildFile; fileRef = 1D6DAA50289980DD00ADA7A3 /* MainView.swift */; };
		1D6DAA532899822600ADA7A3 /* MainViewModel.swift in Sources */ = {isa = PBXBuildFile; fileRef = 1D6DAA522899822600ADA7A3 /* MainViewModel.swift */; };
		1D6DAA552899826B00ADA7A3 /* MainCoordinator.swift in Sources */ = {isa = PBXBuildFile; fileRef = 1D6DAA542899826B00ADA7A3 /* MainCoordinator.swift */; };
		1D6DAA582899A54400ADA7A3 /* HEBButton.swift in Sources */ = {isa = PBXBuildFile; fileRef = 1D6DAA572899A54400ADA7A3 /* HEBButton.swift */; };
		1D6DAA5D2899B30800ADA7A3 /* CategoryCell.swift in Sources */ = {isa = PBXBuildFile; fileRef = 1D6DAA5C2899B30800ADA7A3 /* CategoryCell.swift */; };
		1D6DAA5F2899BA3D00ADA7A3 /* HeroCell.swift in Sources */ = {isa = PBXBuildFile; fileRef = 1D6DAA5E2899BA3D00ADA7A3 /* HeroCell.swift */; };
		1D6DAA612899C1B300ADA7A3 /* Color+extensions.swift in Sources */ = {isa = PBXBuildFile; fileRef = 1D6DAA602899C1B300ADA7A3 /* Color+extensions.swift */; };
		1D6DAA632899C2FC00ADA7A3 /* RoundedBottomHeaderView.swift in Sources */ = {isa = PBXBuildFile; fileRef = 1D6DAA622899C2FC00ADA7A3 /* RoundedBottomHeaderView.swift */; };
		1D6DAA672899EE7500ADA7A3 /* Request.swift in Sources */ = {isa = PBXBuildFile; fileRef = 1D6DAA662899EE7500ADA7A3 /* Request.swift */; };
		1D6DAA6A2899F65700ADA7A3 /* RequestManager.swift in Sources */ = {isa = PBXBuildFile; fileRef = 1D6DAA692899F65700ADA7A3 /* RequestManager.swift */; };
		1D6DAA76289B018100ADA7A3 /* TokenManager.swift in Sources */ = {isa = PBXBuildFile; fileRef = 1D6DAA75289B018100ADA7A3 /* TokenManager.swift */; };
		1D6DAA7B289B0F3700ADA7A3 /* Product.swift in Sources */ = {isa = PBXBuildFile; fileRef = 1D6DAA7A289B0F3700ADA7A3 /* Product.swift */; };
		1D6DAA7E289B523300ADA7A3 /* SearchView.swift in Sources */ = {isa = PBXBuildFile; fileRef = 1D6DAA7D289B523300ADA7A3 /* SearchView.swift */; };
		1D6DAA80289B524300ADA7A3 /* SearchViewModel.swift in Sources */ = {isa = PBXBuildFile; fileRef = 1D6DAA7F289B524300ADA7A3 /* SearchViewModel.swift */; };
		1D6DAA82289B525200ADA7A3 /* SearchCoordinator.swift in Sources */ = {isa = PBXBuildFile; fileRef = 1D6DAA81289B525200ADA7A3 /* SearchCoordinator.swift */; };
		1D6DAA84289BFC0900ADA7A3 /* SearchBar.swift in Sources */ = {isa = PBXBuildFile; fileRef = 1D6DAA83289BFC0900ADA7A3 /* SearchBar.swift */; };
		1D6DAA86289C307000ADA7A3 /* ScanningViewController.swift in Sources */ = {isa = PBXBuildFile; fileRef = 1D6DAA85289C307000ADA7A3 /* ScanningViewController.swift */; };
		1D6DAA8B289C41F400ADA7A3 /* ScanView.swift in Sources */ = {isa = PBXBuildFile; fileRef = 1D6DAA8A289C41F400ADA7A3 /* ScanView.swift */; };
/* End PBXBuildFile section */

/* Begin PBXFileReference section */
		1D6DAA372899719700ADA7A3 /* HEBProto.app */ = {isa = PBXFileReference; explicitFileType = wrapper.application; includeInIndex = 0; path = HEBProto.app; sourceTree = BUILT_PRODUCTS_DIR; };
		1D6DAA3A2899719700ADA7A3 /* HEBProtoApp.swift */ = {isa = PBXFileReference; lastKnownFileType = sourcecode.swift; path = HEBProtoApp.swift; sourceTree = "<group>"; };
		1D6DAA3E2899719A00ADA7A3 /* Assets.xcassets */ = {isa = PBXFileReference; lastKnownFileType = folder.assetcatalog; path = Assets.xcassets; sourceTree = "<group>"; };
		1D6DAA412899719A00ADA7A3 /* Preview Assets.xcassets */ = {isa = PBXFileReference; lastKnownFileType = folder.assetcatalog; path = "Preview Assets.xcassets"; sourceTree = "<group>"; };
		1D6DAA482899745200ADA7A3 /* Info.plist */ = {isa = PBXFileReference; lastKnownFileType = text.plist; path = Info.plist; sourceTree = "<group>"; };
		1D6DAA492899788600ADA7A3 /* Launch Screen.storyboard */ = {isa = PBXFileReference; lastKnownFileType = file.storyboard; path = "Launch Screen.storyboard"; sourceTree = "<group>"; };
		1D6DAA50289980DD00ADA7A3 /* MainView.swift */ = {isa = PBXFileReference; lastKnownFileType = sourcecode.swift; path = MainView.swift; sourceTree = "<group>"; };
		1D6DAA522899822600ADA7A3 /* MainViewModel.swift */ = {isa = PBXFileReference; lastKnownFileType = sourcecode.swift; path = MainViewModel.swift; sourceTree = "<group>"; };
		1D6DAA542899826B00ADA7A3 /* MainCoordinator.swift */ = {isa = PBXFileReference; lastKnownFileType = sourcecode.swift; path = MainCoordinator.swift; sourceTree = "<group>"; };
		1D6DAA572899A54400ADA7A3 /* HEBButton.swift */ = {isa = PBXFileReference; lastKnownFileType = sourcecode.swift; path = HEBButton.swift; sourceTree = "<group>"; };
		1D6DAA5C2899B30800ADA7A3 /* CategoryCell.swift */ = {isa = PBXFileReference; lastKnownFileType = sourcecode.swift; path = CategoryCell.swift; sourceTree = "<group>"; };
		1D6DAA5E2899BA3D00ADA7A3 /* HeroCell.swift */ = {isa = PBXFileReference; lastKnownFileType = sourcecode.swift; path = HeroCell.swift; sourceTree = "<group>"; };
		1D6DAA602899C1B300ADA7A3 /* Color+extensions.swift */ = {isa = PBXFileReference; lastKnownFileType = sourcecode.swift; path = "Color+extensions.swift"; sourceTree = "<group>"; };
		1D6DAA622899C2FC00ADA7A3 /* RoundedBottomHeaderView.swift */ = {isa = PBXFileReference; lastKnownFileType = sourcecode.swift; path = RoundedBottomHeaderView.swift; sourceTree = "<group>"; };
		1D6DAA662899EE7500ADA7A3 /* Request.swift */ = {isa = PBXFileReference; lastKnownFileType = sourcecode.swift; path = Request.swift; sourceTree = "<group>"; };
		1D6DAA692899F65700ADA7A3 /* RequestManager.swift */ = {isa = PBXFileReference; lastKnownFileType = sourcecode.swift; path = RequestManager.swift; sourceTree = "<group>"; };
		1D6DAA75289B018100ADA7A3 /* TokenManager.swift */ = {isa = PBXFileReference; lastKnownFileType = sourcecode.swift; path = TokenManager.swift; sourceTree = "<group>"; };
		1D6DAA79289B0E2500ADA7A3 /* APIConfig.xcconfig */ = {isa = PBXFileReference; lastKnownFileType = text.xcconfig; path = APIConfig.xcconfig; sourceTree = "<group>"; };
		1D6DAA7A289B0F3700ADA7A3 /* Product.swift */ = {isa = PBXFileReference; lastKnownFileType = sourcecode.swift; path = Product.swift; sourceTree = "<group>"; };
		1D6DAA7D289B523300ADA7A3 /* SearchView.swift */ = {isa = PBXFileReference; lastKnownFileType = sourcecode.swift; path = SearchView.swift; sourceTree = "<group>"; };
		1D6DAA7F289B524300ADA7A3 /* SearchViewModel.swift */ = {isa = PBXFileReference; lastKnownFileType = sourcecode.swift; path = SearchViewModel.swift; sourceTree = "<group>"; };
		1D6DAA81289B525200ADA7A3 /* SearchCoordinator.swift */ = {isa = PBXFileReference; lastKnownFileType = sourcecode.swift; path = SearchCoordinator.swift; sourceTree = "<group>"; };
		1D6DAA83289BFC0900ADA7A3 /* SearchBar.swift */ = {isa = PBXFileReference; lastKnownFileType = sourcecode.swift; path = SearchBar.swift; sourceTree = "<group>"; };
		1D6DAA85289C307000ADA7A3 /* ScanningViewController.swift */ = {isa = PBXFileReference; lastKnownFileType = sourcecode.swift; path = ScanningViewController.swift; sourceTree = "<group>"; };
		1D6DAA8A289C41F400ADA7A3 /* ScanView.swift */ = {isa = PBXFileReference; lastKnownFileType = sourcecode.swift; path = ScanView.swift; sourceTree = "<group>"; };
/* End PBXFileReference section */

/* Begin PBXFrameworksBuildPhase section */
		1D6DAA342899719700ADA7A3 /* Frameworks */ = {
			isa = PBXFrameworksBuildPhase;
			buildActionMask = 2147483647;
			files = (
			);
			runOnlyForDeploymentPostprocessing = 0;
		};
/* End PBXFrameworksBuildPhase section */

/* Begin PBXGroup section */
		1D6DAA2E2899719700ADA7A3 = {
			isa = PBXGroup;
			children = (
				1D6DAA392899719700ADA7A3 /* HEBProto */,
				1D6DAA382899719700ADA7A3 /* Products */,
			);
			sourceTree = "<group>";
		};
		1D6DAA382899719700ADA7A3 /* Products */ = {
			isa = PBXGroup;
			children = (
				1D6DAA372899719700ADA7A3 /* HEBProto.app */,
			);
			name = Products;
			sourceTree = "<group>";
		};
		1D6DAA392899719700ADA7A3 /* HEBProto */ = {
			isa = PBXGroup;
			children = (
				1D6DAA5A2899B0E100ADA7A3 /* Models */,
				1D6DAA4E28997FFD00ADA7A3 /* Networking */,
				1D6DAA4D28997FE200ADA7A3 /* Extensions */,
				1D6DAA4C28997FDC00ADA7A3 /* Managers */,
				1D6DAA4B28997FCA00ADA7A3 /* Views */,
				1D6DAA482899745200ADA7A3 /* Info.plist */,
				1D6DAA3A2899719700ADA7A3 /* HEBProtoApp.swift */,
				1D6DAA3E2899719A00ADA7A3 /* Assets.xcassets */,
				1D6DAA402899719A00ADA7A3 /* Preview Content */,
				1D6DAA492899788600ADA7A3 /* Launch Screen.storyboard */,
			);
			path = HEBProto;
			sourceTree = "<group>";
		};
		1D6DAA402899719A00ADA7A3 /* Preview Content */ = {
			isa = PBXGroup;
			children = (
				1D6DAA412899719A00ADA7A3 /* Preview Assets.xcassets */,
			);
			path = "Preview Content";
			sourceTree = "<group>";
		};
		1D6DAA4B28997FCA00ADA7A3 /* Views */ = {
			isa = PBXGroup;
			children = (
				1D6DAA7C289B522000ADA7A3 /* Search */,
				1D6DAA4F289980AB00ADA7A3 /* Main */,
				1D6DAA562899A52900ADA7A3 /* Shared */,
			);
			path = Views;
			sourceTree = "<group>";
		};
		1D6DAA4C28997FDC00ADA7A3 /* Managers */ = {
			isa = PBXGroup;
			children = (
			);
			path = Managers;
			sourceTree = "<group>";
		};
		1D6DAA4D28997FE200ADA7A3 /* Extensions */ = {
			isa = PBXGroup;
			children = (
				1D6DAA602899C1B300ADA7A3 /* Color+extensions.swift */,
			);
			path = Extensions;
			sourceTree = "<group>";
		};
		1D6DAA4E28997FFD00ADA7A3 /* Networking */ = {
			isa = PBXGroup;
			children = (
				1D6DAA79289B0E2500ADA7A3 /* APIConfig.xcconfig */,
				1D6DAA662899EE7500ADA7A3 /* Request.swift */,
				1D6DAA692899F65700ADA7A3 /* RequestManager.swift */,
				1D6DAA75289B018100ADA7A3 /* TokenManager.swift */,
			);
			path = Networking;
			sourceTree = "<group>";
		};
		1D6DAA4F289980AB00ADA7A3 /* Main */ = {
			isa = PBXGroup;
			children = (
				1D6DAA50289980DD00ADA7A3 /* MainView.swift */,
				1D6DAA522899822600ADA7A3 /* MainViewModel.swift */,
				1D6DAA542899826B00ADA7A3 /* MainCoordinator.swift */,
				1D6DAA5B2899B2D800ADA7A3 /* Cells */,
			);
			path = Main;
			sourceTree = "<group>";
		};
		1D6DAA562899A52900ADA7A3 /* Shared */ = {
			isa = PBXGroup;
			children = (
				1D6DAA87289C30A100ADA7A3 /* Scanning */,
				1D6DAA572899A54400ADA7A3 /* HEBButton.swift */,
				1D6DAA622899C2FC00ADA7A3 /* RoundedBottomHeaderView.swift */,
				1D6DAA83289BFC0900ADA7A3 /* SearchBar.swift */,
			);
			path = Shared;
			sourceTree = "<group>";
		};
		1D6DAA5A2899B0E100ADA7A3 /* Models */ = {
			isa = PBXGroup;
			children = (
				1D6DAA7A289B0F3700ADA7A3 /* Product.swift */,
			);
			path = Models;
			sourceTree = "<group>";
		};
		1D6DAA5B2899B2D800ADA7A3 /* Cells */ = {
			isa = PBXGroup;
			children = (
				1D6DAA5C2899B30800ADA7A3 /* CategoryCell.swift */,
				1D6DAA5E2899BA3D00ADA7A3 /* HeroCell.swift */,
			);
			path = Cells;
			sourceTree = "<group>";
		};
		1D6DAA7C289B522000ADA7A3 /* Search */ = {
			isa = PBXGroup;
			children = (
				1D6DAA7D289B523300ADA7A3 /* SearchView.swift */,
				1D6DAA7F289B524300ADA7A3 /* SearchViewModel.swift */,
				1D6DAA81289B525200ADA7A3 /* SearchCoordinator.swift */,
			);
			path = Search;
			sourceTree = "<group>";
		};
		1D6DAA87289C30A100ADA7A3 /* Scanning */ = {
			isa = PBXGroup;
			children = (
				1D6DAA8A289C41F400ADA7A3 /* ScanView.swift */,
				1D6DAA85289C307000ADA7A3 /* ScanningViewController.swift */,
			);
			path = Scanning;
			sourceTree = "<group>";
		};
/* End PBXGroup section */

/* Begin PBXNativeTarget section */
		1D6DAA362899719700ADA7A3 /* HEBProto */ = {
			isa = PBXNativeTarget;
			buildConfigurationList = 1D6DAA452899719A00ADA7A3 /* Build configuration list for PBXNativeTarget "HEBProto" */;
			buildPhases = (
				1D6DAA332899719700ADA7A3 /* Sources */,
				1D6DAA342899719700ADA7A3 /* Frameworks */,
				1D6DAA352899719700ADA7A3 /* Resources */,
			);
			buildRules = (
			);
			dependencies = (
			);
			name = HEBProto;
			productName = HEBProto;
			productReference = 1D6DAA372899719700ADA7A3 /* HEBProto.app */;
			productType = "com.apple.product-type.application";
		};
/* End PBXNativeTarget section */

/* Begin PBXProject section */
		1D6DAA2F2899719700ADA7A3 /* Project object */ = {
			isa = PBXProject;
			attributes = {
				BuildIndependentTargetsInParallel = 1;
				LastSwiftUpdateCheck = 1340;
				LastUpgradeCheck = 1340;
				TargetAttributes = {
					1D6DAA362899719700ADA7A3 = {
						CreatedOnToolsVersion = 13.4.1;
					};
				};
			};
			buildConfigurationList = 1D6DAA322899719700ADA7A3 /* Build configuration list for PBXProject "HEBProto" */;
			compatibilityVersion = "Xcode 13.0";
			developmentRegion = en;
			hasScannedForEncodings = 0;
			knownRegions = (
				en,
				Base,
			);
			mainGroup = 1D6DAA2E2899719700ADA7A3;
			productRefGroup = 1D6DAA382899719700ADA7A3 /* Products */;
			projectDirPath = "";
			projectRoot = "";
			targets = (
				1D6DAA362899719700ADA7A3 /* HEBProto */,
			);
		};
/* End PBXProject section */

/* Begin PBXResourcesBuildPhase section */
		1D6DAA352899719700ADA7A3 /* Resources */ = {
			isa = PBXResourcesBuildPhase;
			buildActionMask = 2147483647;
			files = (
				1D6DAA4A2899788600ADA7A3 /* Launch Screen.storyboard in Resources */,
				1D6DAA422899719A00ADA7A3 /* Preview Assets.xcassets in Resources */,
				1D6DAA3F2899719A00ADA7A3 /* Assets.xcassets in Resources */,
			);
			runOnlyForDeploymentPostprocessing = 0;
		};
/* End PBXResourcesBuildPhase section */

/* Begin PBXSourcesBuildPhase section */
		1D6DAA332899719700ADA7A3 /* Sources */ = {
			isa = PBXSourcesBuildPhase;
			buildActionMask = 2147483647;
			files = (
				1D6DAA51289980DD00ADA7A3 /* MainView.swift in Sources */,
				1D6DAA86289C307000ADA7A3 /* ScanningViewController.swift in Sources */,
				1D6DAA76289B018100ADA7A3 /* TokenManager.swift in Sources */,
				1D6DAA3B2899719700ADA7A3 /* HEBProtoApp.swift in Sources */,
				1D6DAA552899826B00ADA7A3 /* MainCoordinator.swift in Sources */,
				1D6DAA6A2899F65700ADA7A3 /* RequestManager.swift in Sources */,
				1D6DAA612899C1B300ADA7A3 /* Color+extensions.swift in Sources */,
				1D6DAA80289B524300ADA7A3 /* SearchViewModel.swift in Sources */,
				1D6DAA672899EE7500ADA7A3 /* Request.swift in Sources */,
				1D6DAA532899822600ADA7A3 /* MainViewModel.swift in Sources */,
				1D6DAA582899A54400ADA7A3 /* HEBButton.swift in Sources */,
				1D6DAA5F2899BA3D00ADA7A3 /* HeroCell.swift in Sources */,
				1D6DAA7E289B523300ADA7A3 /* SearchView.swift in Sources */,
				1D6DAA8B289C41F400ADA7A3 /* ScanView.swift in Sources */,
				1D6DAA82289B525200ADA7A3 /* SearchCoordinator.swift in Sources */,
				1D6DAA5D2899B30800ADA7A3 /* CategoryCell.swift in Sources */,
				1D6DAA632899C2FC00ADA7A3 /* RoundedBottomHeaderView.swift in Sources */,
				1D6DAA84289BFC0900ADA7A3 /* SearchBar.swift in Sources */,
				1D6DAA7B289B0F3700ADA7A3 /* Product.swift in Sources */,
			);
			runOnlyForDeploymentPostprocessing = 0;
		};
/* End PBXSourcesBuildPhase section */

/* Begin XCBuildConfiguration section */
		1D6DAA432899719A00ADA7A3 /* Debug */ = {
			isa = XCBuildConfiguration;
			baseConfigurationReference = 1D6DAA79289B0E2500ADA7A3 /* APIConfig.xcconfig */;
			buildSettings = {
				ALWAYS_SEARCH_USER_PATHS = NO;
				CLANG_ANALYZER_NONNULL = YES;
				CLANG_ANALYZER_NUMBER_OBJECT_CONVERSION = YES_AGGRESSIVE;
				CLANG_CXX_LANGUAGE_STANDARD = "gnu++17";
				CLANG_ENABLE_MODULES = YES;
				CLANG_ENABLE_OBJC_ARC = YES;
				CLANG_ENABLE_OBJC_WEAK = YES;
				CLANG_WARN_BLOCK_CAPTURE_AUTORELEASING = YES;
				CLANG_WARN_BOOL_CONVERSION = YES;
				CLANG_WARN_COMMA = YES;
				CLANG_WARN_CONSTANT_CONVERSION = YES;
				CLANG_WARN_DEPRECATED_OBJC_IMPLEMENTATIONS = YES;
				CLANG_WARN_DIRECT_OBJC_ISA_USAGE = YES_ERROR;
				CLANG_WARN_DOCUMENTATION_COMMENTS = YES;
				CLANG_WARN_EMPTY_BODY = YES;
				CLANG_WARN_ENUM_CONVERSION = YES;
				CLANG_WARN_INFINITE_RECURSION = YES;
				CLANG_WARN_INT_CONVERSION = YES;
				CLANG_WARN_NON_LITERAL_NULL_CONVERSION = YES;
				CLANG_WARN_OBJC_IMPLICIT_RETAIN_SELF = YES;
				CLANG_WARN_OBJC_LITERAL_CONVERSION = YES;
				CLANG_WARN_OBJC_ROOT_CLASS = YES_ERROR;
				CLANG_WARN_QUOTED_INCLUDE_IN_FRAMEWORK_HEADER = YES;
				CLANG_WARN_RANGE_LOOP_ANALYSIS = YES;
				CLANG_WARN_STRICT_PROTOTYPES = YES;
				CLANG_WARN_SUSPICIOUS_MOVE = YES;
				CLANG_WARN_UNGUARDED_AVAILABILITY = YES_AGGRESSIVE;
				CLANG_WARN_UNREACHABLE_CODE = YES;
				CLANG_WARN__DUPLICATE_METHOD_MATCH = YES;
				COPY_PHASE_STRIP = NO;
				DEBUG_INFORMATION_FORMAT = dwarf;
				ENABLE_STRICT_OBJC_MSGSEND = YES;
				ENABLE_TESTABILITY = YES;
				GCC_C_LANGUAGE_STANDARD = gnu11;
				GCC_DYNAMIC_NO_PIC = NO;
				GCC_NO_COMMON_BLOCKS = YES;
				GCC_OPTIMIZATION_LEVEL = 0;
				GCC_PREPROCESSOR_DEFINITIONS = (
					"DEBUG=1",
					"$(inherited)",
				);
				GCC_WARN_64_TO_32_BIT_CONVERSION = YES;
				GCC_WARN_ABOUT_RETURN_TYPE = YES_ERROR;
				GCC_WARN_UNDECLARED_SELECTOR = YES;
				GCC_WARN_UNINITIALIZED_AUTOS = YES_AGGRESSIVE;
				GCC_WARN_UNUSED_FUNCTION = YES;
				GCC_WARN_UNUSED_VARIABLE = YES;
				IPHONEOS_DEPLOYMENT_TARGET = 15.5;
				MTL_ENABLE_DEBUG_INFO = INCLUDE_SOURCE;
				MTL_FAST_MATH = YES;
				ONLY_ACTIVE_ARCH = YES;
				SDKROOT = iphoneos;
				SWIFT_ACTIVE_COMPILATION_CONDITIONS = DEBUG;
				SWIFT_OPTIMIZATION_LEVEL = "-Onone";
			};
			name = Debug;
		};
		1D6DAA442899719A00ADA7A3 /* Release */ = {
			isa = XCBuildConfiguration;
			baseConfigurationReference = 1D6DAA79289B0E2500ADA7A3 /* APIConfig.xcconfig */;
			buildSettings = {
				ALWAYS_SEARCH_USER_PATHS = NO;
				CLANG_ANALYZER_NONNULL = YES;
				CLANG_ANALYZER_NUMBER_OBJECT_CONVERSION = YES_AGGRESSIVE;
				CLANG_CXX_LANGUAGE_STANDARD = "gnu++17";
				CLANG_ENABLE_MODULES = YES;
				CLANG_ENABLE_OBJC_ARC = YES;
				CLANG_ENABLE_OBJC_WEAK = YES;
				CLANG_WARN_BLOCK_CAPTURE_AUTORELEASING = YES;
				CLANG_WARN_BOOL_CONVERSION = YES;
				CLANG_WARN_COMMA = YES;
				CLANG_WARN_CONSTANT_CONVERSION = YES;
				CLANG_WARN_DEPRECATED_OBJC_IMPLEMENTATIONS = YES;
				CLANG_WARN_DIRECT_OBJC_ISA_USAGE = YES_ERROR;
				CLANG_WARN_DOCUMENTATION_COMMENTS = YES;
				CLANG_WARN_EMPTY_BODY = YES;
				CLANG_WARN_ENUM_CONVERSION = YES;
				CLANG_WARN_INFINITE_RECURSION = YES;
				CLANG_WARN_INT_CONVERSION = YES;
				CLANG_WARN_NON_LITERAL_NULL_CONVERSION = YES;
				CLANG_WARN_OBJC_IMPLICIT_RETAIN_SELF = YES;
				CLANG_WARN_OBJC_LITERAL_CONVERSION = YES;
				CLANG_WARN_OBJC_ROOT_CLASS = YES_ERROR;
				CLANG_WARN_QUOTED_INCLUDE_IN_FRAMEWORK_HEADER = YES;
				CLANG_WARN_RANGE_LOOP_ANALYSIS = YES;
				CLANG_WARN_STRICT_PROTOTYPES = YES;
				CLANG_WARN_SUSPICIOUS_MOVE = YES;
				CLANG_WARN_UNGUARDED_AVAILABILITY = YES_AGGRESSIVE;
				CLANG_WARN_UNREACHABLE_CODE = YES;
				CLANG_WARN__DUPLICATE_METHOD_MATCH = YES;
				COPY_PHASE_STRIP = NO;
				DEBUG_INFORMATION_FORMAT = "dwarf-with-dsym";
				ENABLE_NS_ASSERTIONS = NO;
				ENABLE_STRICT_OBJC_MSGSEND = YES;
				GCC_C_LANGUAGE_STANDARD = gnu11;
				GCC_NO_COMMON_BLOCKS = YES;
				GCC_WARN_64_TO_32_BIT_CONVERSION = YES;
				GCC_WARN_ABOUT_RETURN_TYPE = YES_ERROR;
				GCC_WARN_UNDECLARED_SELECTOR = YES;
				GCC_WARN_UNINITIALIZED_AUTOS = YES_AGGRESSIVE;
				GCC_WARN_UNUSED_FUNCTION = YES;
				GCC_WARN_UNUSED_VARIABLE = YES;
				IPHONEOS_DEPLOYMENT_TARGET = 15.5;
				MTL_ENABLE_DEBUG_INFO = NO;
				MTL_FAST_MATH = YES;
				SDKROOT = iphoneos;
				SWIFT_COMPILATION_MODE = wholemodule;
				SWIFT_OPTIMIZATION_LEVEL = "-O";
				VALIDATE_PRODUCT = YES;
			};
			name = Release;
		};
		1D6DAA462899719A00ADA7A3 /* Debug */ = {
			isa = XCBuildConfiguration;
			buildSettings = {
				ASSETCATALOG_COMPILER_APPICON_NAME = AppIcon;
				ASSETCATALOG_COMPILER_GLOBAL_ACCENT_COLOR_NAME = AccentColor;
				CODE_SIGN_STYLE = Automatic;
				CURRENT_PROJECT_VERSION = 1;
				DEVELOPMENT_ASSET_PATHS = "\"HEBProto/Preview Content\"";
				ENABLE_PREVIEWS = YES;
				GENERATE_INFOPLIST_FILE = YES;
				INFOPLIST_FILE = HEBProto/Info.plist;
				INFOPLIST_KEY_UIApplicationSupportsIndirectInputEvents = YES;
				INFOPLIST_KEY_UILaunchScreen_Generation = YES;
				INFOPLIST_KEY_UILaunchStoryboardName = "Launch Screen";
				INFOPLIST_KEY_UISupportedInterfaceOrientations = "UIInterfaceOrientationPortrait UIInterfaceOrientationPortraitUpsideDown";
				INFOPLIST_KEY_UISupportedInterfaceOrientations_iPad = "UIInterfaceOrientationPortrait UIInterfaceOrientationPortraitUpsideDown UIInterfaceOrientationLandscapeLeft UIInterfaceOrientationLandscapeRight";
				INFOPLIST_KEY_UISupportedInterfaceOrientations_iPhone = "UIInterfaceOrientationPortrait UIInterfaceOrientationLandscapeLeft UIInterfaceOrientationLandscapeRight";
				LD_RUNPATH_SEARCH_PATHS = (
					"$(inherited)",
					"@executable_path/Frameworks",
				);
				MARKETING_VERSION = 1.0;
				PRODUCT_BUNDLE_IDENTIFIER = com.heb.proto.HEBProto;
				PRODUCT_NAME = "$(TARGET_NAME)";
				SWIFT_EMIT_LOC_STRINGS = YES;
				SWIFT_VERSION = 5.0;
				TARGETED_DEVICE_FAMILY = "1,2";
			};
			name = Debug;
		};
		1D6DAA472899719A00ADA7A3 /* Release */ = {
			isa = XCBuildConfiguration;
			buildSettings = {
				ASSETCATALOG_COMPILER_APPICON_NAME = AppIcon;
				ASSETCATALOG_COMPILER_GLOBAL_ACCENT_COLOR_NAME = AccentColor;
				CODE_SIGN_STYLE = Automatic;
				CURRENT_PROJECT_VERSION = 1;
				DEVELOPMENT_ASSET_PATHS = "\"HEBProto/Preview Content\"";
				ENABLE_PREVIEWS = YES;
				GENERATE_INFOPLIST_FILE = YES;
				INFOPLIST_FILE = HEBProto/Info.plist;
				INFOPLIST_KEY_UIApplicationSupportsIndirectInputEvents = YES;
				INFOPLIST_KEY_UILaunchScreen_Generation = YES;
				INFOPLIST_KEY_UILaunchStoryboardName = "Launch Screen";
				INFOPLIST_KEY_UISupportedInterfaceOrientations = "UIInterfaceOrientationPortrait UIInterfaceOrientationPortraitUpsideDown";
				INFOPLIST_KEY_UISupportedInterfaceOrientations_iPad = "UIInterfaceOrientationPortrait UIInterfaceOrientationPortraitUpsideDown UIInterfaceOrientationLandscapeLeft UIInterfaceOrientationLandscapeRight";
				INFOPLIST_KEY_UISupportedInterfaceOrientations_iPhone = "UIInterfaceOrientationPortrait UIInterfaceOrientationLandscapeLeft UIInterfaceOrientationLandscapeRight";
				LD_RUNPATH_SEARCH_PATHS = (
					"$(inherited)",
					"@executable_path/Frameworks",
				);
				MARKETING_VERSION = 1.0;
				PRODUCT_BUNDLE_IDENTIFIER = com.heb.proto.HEBProto;
				PRODUCT_NAME = "$(TARGET_NAME)";
				SWIFT_EMIT_LOC_STRINGS = YES;
				SWIFT_VERSION = 5.0;
				TARGETED_DEVICE_FAMILY = "1,2";
			};
			name = Release;
		};
/* End XCBuildConfiguration section */

/* Begin XCConfigurationList section */
		1D6DAA322899719700ADA7A3 /* Build configuration list for PBXProject "HEBProto" */ = {
			isa = XCConfigurationList;
			buildConfigurations = (
				1D6DAA432899719A00ADA7A3 /* Debug */,
				1D6DAA442899719A00ADA7A3 /* Release */,
			);
			defaultConfigurationIsVisible = 0;
			defaultConfigurationName = Release;
		};
		1D6DAA452899719A00ADA7A3 /* Build configuration list for PBXNativeTarget "HEBProto" */ = {
			isa = XCConfigurationList;
			buildConfigurations = (
				1D6DAA462899719A00ADA7A3 /* Debug */,
				1D6DAA472899719A00ADA7A3 /* Release */,
			);
			defaultConfigurationIsVisible = 0;
			defaultConfigurationName = Release;
		};
/* End XCConfigurationList section */
	};
	rootObject = 1D6DAA2F2899719700ADA7A3 /* Project object */;
}
